
Microsoft Visual Studio Solution File, Format Version 12.00
# Visual Studio 15
VisualStudioVersion = 15.0.28307.329
MinimumVisualStudioVersion = 10.0.40219.1
Project("{2150E333-8FDC-42A3-9474-1A3956D46DE8}") = "Week 1. MacrosesAndClassTemplates", "Week 1. MacrosesAndClassTemplates", "{348AD067-6070-4658-860D-54BAE1B6F669}"
EndProject
Project("{8BC9CEB8-8B4A-11D0-8D11-00A0C91BC942}") = "YellowBeltTestTask", "YellowBeltTestTask\YellowBeltTestTask.vcxproj", "{4845F6B4-53D6-4CBA-84F2-7C8D13611D7C}"
EndProject
Project("{2150E333-8FDC-42A3-9474-1A3956D46DE8}") = "Macroses", "Macroses", "{C0ABE25D-833C-4EBA-80C7-352A0FEDC928}"
EndProject
Project("{2150E333-8FDC-42A3-9474-1A3956D46DE8}") = "ClassTemplates", "ClassTemplates", "{C6BBE488-95B6-483C-84E6-782506C61A1F}"
EndProject
Project("{8BC9CEB8-8B4A-11D0-8D11-00A0C91BC942}") = "Deque", "Week 1. MacrosesAndClassTemplates\ClassTemplates\Deque\Deque.vcxproj", "{8AB687F7-43C9-456D-B4C6-2CCB1EE59EE9}"
EndProject
Project("{8BC9CEB8-8B4A-11D0-8D11-00A0C91BC942}") = "Paginator", "Week 1. MacrosesAndClassTemplates\ClassTemplates\Paginator\Paginator.vcxproj", "{0BF00F9E-5B40-452D-BBEA-B4DB7085292F}"
EndProject
Project("{8BC9CEB8-8B4A-11D0-8D11-00A0C91BC942}") = "Table", "Week 1. MacrosesAndClassTemplates\ClassTemplates\Table\Table.vcxproj", "{3E85400D-B7A5-47B3-8A06-83E30E6F9C32}"
EndProject
Project("{8BC9CEB8-8B4A-11D0-8D11-00A0C91BC942}") = "BadMacros", "Week 1. MacrosesAndClassTemplates\Macroses\BadMacros\BadMacros.vcxproj", "{46133A31-807E-4133-AE99-0A1CFFAAB136}"
EndProject
Project("{8BC9CEB8-8B4A-11D0-8D11-00A0C91BC942}") = "ComparatorGenerator", "Week 1. MacrosesAndClassTemplates\Macroses\ComparatorGenerator\ComparatorGenerator.vcxproj", "{6EC71A02-518D-4D60-AFCF-486265BD23C0}"
EndProject
Project("{8BC9CEB8-8B4A-11D0-8D11-00A0C91BC942}") = "Logger", "Week 1. MacrosesAndClassTemplates\Macroses\Logger\Logger.vcxproj", "{441CD827-4313-4E25-B1C3-D8165112653E}"
EndProject
Project("{8BC9CEB8-8B4A-11D0-8D11-00A0C91BC942}") = "UniqId", "Week 1. MacrosesAndClassTemplates\Macroses\UniqId\UniqId.vcxproj", "{045F1F5A-C3EF-4B85-9414-8C48B7862649}"
EndProject
Project("{8BC9CEB8-8B4A-11D0-8D11-00A0C91BC942}") = "UpdateFields", "Week 1. MacrosesAndClassTemplates\Macroses\UpdateFields\UpdateFields.vcxproj", "{8F05F796-8BD4-4FE8-B5CD-5707EE7D2ACB}"
EndProject
Project("{2150E333-8FDC-42A3-9474-1A3956D46DE8}") = "Week 2. Optimization", "Week 2. Optimization", "{CF599C22-3DA9-4F94-A9A2-9705447BDA34}"
EndProject
Project("{8BC9CEB8-8B4A-11D0-8D11-00A0C91BC942}") = "TestPlayground", "Week 2. Optimization\TestPlayground\TestPlayground.vcxproj", "{8683323E-6363-478D-8055-39BBA4D739AD}"
EndProject
Project("{8BC9CEB8-8B4A-11D0-8D11-00A0C91BC942}") = "StudentSort", "Week 2. Optimization\StudentSort\StudentSort.vcxproj", "{94D84F12-AAD4-46E0-8C54-DEA98F3159B3}"
EndProject
Project("{8BC9CEB8-8B4A-11D0-8D11-00A0C91BC942}") = "Learner", "Week 2. Optimization\Learner\Learner.vcxproj", "{6051ABF5-3788-4758-9A9C-671EBB70B03F}"
EndProject
Project("{8BC9CEB8-8B4A-11D0-8D11-00A0C91BC942}") = "Booking", "Week 2. Optimization\Booking\Booking.vcxproj", "{1792B337-A3A5-41B3-88F2-110D4F4E3709}"
EndProject
Project("{2150E333-8FDC-42A3-9474-1A3956D46DE8}") = "Week 3. MemoryModel", "Week 3. MemoryModel", "{9E1FFDB2-D384-4BBE-9C8D-193345BC7E25}"
EndProject
Project("{8BC9CEB8-8B4A-11D0-8D11-00A0C91BC942}") = "ObjectPool", "Week 3. MemoryModel\ObjectPool\ObjectPool.vcxproj", "{E3522A01-EE96-4B25-AA2D-94632B38E3D8}"
EndProject
Project("{8BC9CEB8-8B4A-11D0-8D11-00A0C91BC942}") = "SwapSortReversedCopy", "Week 3. MemoryModel\SwapSortReversedCopy\SwapSortReversedCopy.vcxproj", "{155D6846-309F-4A3B-BCE2-B8F48B207670}"
EndProject
Project("{8BC9CEB8-8B4A-11D0-8D11-00A0C91BC942}") = "MyVector", "Week 3. MemoryModel\MyVector\MyVector.vcxproj", "{BAE63C63-0C5A-4658-9300-8E2793E10A3C}"
EndProject
Project("{8BC9CEB8-8B4A-11D0-8D11-00A0C91BC942}") = "LinkedList", "Week 3. MemoryModel\LinkedList\LinkedList.vcxproj", "{ECB6055B-8FEC-4CA1-AA94-0F6E64B21903}"
EndProject
Project("{2150E333-8FDC-42A3-9474-1A3956D46DE8}") = "Week 4. LinearContainers", "Week 4. LinearContainers", "{CD658F92-446A-4DAD-9CE5-1B481362920D}"
EndProject
Project("{8BC9CEB8-8B4A-11D0-8D11-00A0C91BC942}") = "Sportsmans", "Week 4. LinearContainers\Sportsmans\Sportsmans.vcxproj", "{AE5EA96A-243C-4183-8D61-E784BFCD57F3}"
EndProject
Project("{8BC9CEB8-8B4A-11D0-8D11-00A0C91BC942}") = "StackVector", "Week 4. LinearContainers\StackVector\StackVector.vcxproj", "{322A0F20-EF36-4CB3-9DEF-9B52A8E04949}"
EndProject
Project("{8BC9CEB8-8B4A-11D0-8D11-00A0C91BC942}") = "Translator", "Week 4. LinearContainers\Translator\Translator.vcxproj", "{CE53E2F0-121B-4B46-81C0-6D3F338864EE}"
EndProject
Project("{8BC9CEB8-8B4A-11D0-8D11-00A0C91BC942}") = "AirportCounter", "Week 4. LinearContainers\AirportCounter\AirportCounter.vcxproj", "{9071BABC-B86F-46A5-B6C6-F5BEC5F0FF9A}"
EndProject
Project("{8BC9CEB8-8B4A-11D0-8D11-00A0C91BC942}") = "Editor", "Week 4. LinearContainers\Editor\Editor.vcxproj", "{34A26261-63B2-4A70-83A3-657CC9A3A8EA}"
EndProject
Project("{8BC9CEB8-8B4A-11D0-8D11-00A0C91BC942}") = "WebServer", "Week 4. LinearContainers\WebServer\WebServer.vcxproj", "{BD297D03-C1C1-4032-B77B-60912DFA3298}"
EndProject
Project("{2150E333-8FDC-42A3-9474-1A3956D46DE8}") = "Week 5. MoveAndConcurrency", "Week 5. MoveAndConcurrency", "{61F3F925-0549-4536-993E-F18C9DAE959B}"
EndProject
Project("{2150E333-8FDC-42A3-9474-1A3956D46DE8}") = "MoveSemantic", "MoveSemantic", "{408A64CC-15F8-4A8A-B543-90B01E8D6107}"
EndProject
Project("{2150E333-8FDC-42A3-9474-1A3956D46DE8}") = "Concurrency", "Concurrency", "{E49BDA4C-6B6F-4369-B434-2EA7E936A4DE}"
EndProject
Project("{8BC9CEB8-8B4A-11D0-8D11-00A0C91BC942}") = "MoveTest", "Week 5. MoveAndConcurrency\MoveSemantic\MoveTest\MoveTest.vcxproj", "{4B1AB91B-07C3-4D26-BB1A-B6A966943A75}"
EndProject
Project("{8BC9CEB8-8B4A-11D0-8D11-00A0C91BC942}") = "JosephusPermutation", "Week 5. MoveAndConcurrency\MoveSemantic\JosephusCounter\JosephusCounter.vcxproj", "{D2AEF1C7-C1B2-4E10-86B5-2728F79A926C}"
EndProject
Project("{8BC9CEB8-8B4A-11D0-8D11-00A0C91BC942}") = "GroupStrings", "Week 5. MoveAndConcurrency\MoveSemantic\GroupStrings\GroupStrings.vcxproj", "{B24A5ED8-4323-417A-BB08-58D29826DDBB}"
EndProject
Project("{8BC9CEB8-8B4A-11D0-8D11-00A0C91BC942}") = "SimpleVector", "Week 5. MoveAndConcurrency\MoveSemantic\SimpleVector\SimpleVector.vcxproj", "{DBA5679C-19E1-44A1-A12D-38D4A32E814D}"
EndProject
Project("{8BC9CEB8-8B4A-11D0-8D11-00A0C91BC942}") = "SentenceSeparator", "Week 5. MoveAndConcurrency\MoveSemantic\SentenceSeparator\SentenceSeparator.vcxproj", "{22B642E4-C002-4224-B9D9-4A8EDF2D3A64}"
EndProject
Project("{8BC9CEB8-8B4A-11D0-8D11-00A0C91BC942}") = "MergeSort", "Week 5. MoveAndConcurrency\MoveSemantic\MergeSort\MergeSort.vcxproj", "{B7855D26-2D53-4608-829A-4B8749252465}"
EndProject
Project("{8BC9CEB8-8B4A-11D0-8D11-00A0C91BC942}") = "PriorityCollection", "Week 5. MoveAndConcurrency\MoveSemantic\PriorityCollection\PriorityCollection.vcxproj", "{599FA474-AB90-408B-9076-3B46573E491D}"
EndProject
Project("{8BC9CEB8-8B4A-11D0-8D11-00A0C91BC942}") = "ExploreKeyWords", "Week 5. MoveAndConcurrency\Concurrency\ExploreKeyWords\ExploreKeyWords.vcxproj", "{D67D936B-49A0-496E-8FD4-3BC55F198CD3}"
EndProject
Project("{8BC9CEB8-8B4A-11D0-8D11-00A0C91BC942}") = "MatrixSum", "Week 5. MoveAndConcurrency\Concurrency\MatrixSum\MatrixSum.vcxproj", "{0F120543-280B-461C-910A-E57F005E37B5}"
EndProject
Global
	GlobalSection(SolutionConfigurationPlatforms) = preSolution
		Debug|x64 = Debug|x64
		Debug|x86 = Debug|x86
		Release|x64 = Release|x64
		Release|x86 = Release|x86
	EndGlobalSection
	GlobalSection(ProjectConfigurationPlatforms) = postSolution
		{4845F6B4-53D6-4CBA-84F2-7C8D13611D7C}.Debug|x64.ActiveCfg = Debug|x64
		{4845F6B4-53D6-4CBA-84F2-7C8D13611D7C}.Debug|x64.Build.0 = Debug|x64
		{4845F6B4-53D6-4CBA-84F2-7C8D13611D7C}.Debug|x86.ActiveCfg = Debug|Win32
		{4845F6B4-53D6-4CBA-84F2-7C8D13611D7C}.Debug|x86.Build.0 = Debug|Win32
		{4845F6B4-53D6-4CBA-84F2-7C8D13611D7C}.Release|x64.ActiveCfg = Release|x64
		{4845F6B4-53D6-4CBA-84F2-7C8D13611D7C}.Release|x64.Build.0 = Release|x64
		{4845F6B4-53D6-4CBA-84F2-7C8D13611D7C}.Release|x86.ActiveCfg = Release|Win32
		{4845F6B4-53D6-4CBA-84F2-7C8D13611D7C}.Release|x86.Build.0 = Release|Win32
		{8AB687F7-43C9-456D-B4C6-2CCB1EE59EE9}.Debug|x64.ActiveCfg = Debug|x64
		{8AB687F7-43C9-456D-B4C6-2CCB1EE59EE9}.Debug|x64.Build.0 = Debug|x64
		{8AB687F7-43C9-456D-B4C6-2CCB1EE59EE9}.Debug|x86.ActiveCfg = Debug|Win32
		{8AB687F7-43C9-456D-B4C6-2CCB1EE59EE9}.Debug|x86.Build.0 = Debug|Win32
		{8AB687F7-43C9-456D-B4C6-2CCB1EE59EE9}.Release|x64.ActiveCfg = Release|x64
		{8AB687F7-43C9-456D-B4C6-2CCB1EE59EE9}.Release|x64.Build.0 = Release|x64
		{8AB687F7-43C9-456D-B4C6-2CCB1EE59EE9}.Release|x86.ActiveCfg = Release|Win32
		{8AB687F7-43C9-456D-B4C6-2CCB1EE59EE9}.Release|x86.Build.0 = Release|Win32
		{0BF00F9E-5B40-452D-BBEA-B4DB7085292F}.Debug|x64.ActiveCfg = Debug|x64
		{0BF00F9E-5B40-452D-BBEA-B4DB7085292F}.Debug|x64.Build.0 = Debug|x64
		{0BF00F9E-5B40-452D-BBEA-B4DB7085292F}.Debug|x86.ActiveCfg = Debug|Win32
		{0BF00F9E-5B40-452D-BBEA-B4DB7085292F}.Debug|x86.Build.0 = Debug|Win32
		{0BF00F9E-5B40-452D-BBEA-B4DB7085292F}.Release|x64.ActiveCfg = Release|x64
		{0BF00F9E-5B40-452D-BBEA-B4DB7085292F}.Release|x64.Build.0 = Release|x64
		{0BF00F9E-5B40-452D-BBEA-B4DB7085292F}.Release|x86.ActiveCfg = Release|Win32
		{0BF00F9E-5B40-452D-BBEA-B4DB7085292F}.Release|x86.Build.0 = Release|Win32
		{3E85400D-B7A5-47B3-8A06-83E30E6F9C32}.Debug|x64.ActiveCfg = Debug|x64
		{3E85400D-B7A5-47B3-8A06-83E30E6F9C32}.Debug|x64.Build.0 = Debug|x64
		{3E85400D-B7A5-47B3-8A06-83E30E6F9C32}.Debug|x86.ActiveCfg = Debug|Win32
		{3E85400D-B7A5-47B3-8A06-83E30E6F9C32}.Debug|x86.Build.0 = Debug|Win32
		{3E85400D-B7A5-47B3-8A06-83E30E6F9C32}.Release|x64.ActiveCfg = Release|x64
		{3E85400D-B7A5-47B3-8A06-83E30E6F9C32}.Release|x64.Build.0 = Release|x64
		{3E85400D-B7A5-47B3-8A06-83E30E6F9C32}.Release|x86.ActiveCfg = Release|Win32
		{3E85400D-B7A5-47B3-8A06-83E30E6F9C32}.Release|x86.Build.0 = Release|Win32
		{46133A31-807E-4133-AE99-0A1CFFAAB136}.Debug|x64.ActiveCfg = Debug|x64
		{46133A31-807E-4133-AE99-0A1CFFAAB136}.Debug|x64.Build.0 = Debug|x64
		{46133A31-807E-4133-AE99-0A1CFFAAB136}.Debug|x86.ActiveCfg = Debug|Win32
		{46133A31-807E-4133-AE99-0A1CFFAAB136}.Debug|x86.Build.0 = Debug|Win32
		{46133A31-807E-4133-AE99-0A1CFFAAB136}.Release|x64.ActiveCfg = Release|x64
		{46133A31-807E-4133-AE99-0A1CFFAAB136}.Release|x64.Build.0 = Release|x64
		{46133A31-807E-4133-AE99-0A1CFFAAB136}.Release|x86.ActiveCfg = Release|Win32
		{46133A31-807E-4133-AE99-0A1CFFAAB136}.Release|x86.Build.0 = Release|Win32
		{6EC71A02-518D-4D60-AFCF-486265BD23C0}.Debug|x64.ActiveCfg = Debug|x64
		{6EC71A02-518D-4D60-AFCF-486265BD23C0}.Debug|x64.Build.0 = Debug|x64
		{6EC71A02-518D-4D60-AFCF-486265BD23C0}.Debug|x86.ActiveCfg = Debug|Win32
		{6EC71A02-518D-4D60-AFCF-486265BD23C0}.Debug|x86.Build.0 = Debug|Win32
		{6EC71A02-518D-4D60-AFCF-486265BD23C0}.Release|x64.ActiveCfg = Release|x64
		{6EC71A02-518D-4D60-AFCF-486265BD23C0}.Release|x64.Build.0 = Release|x64
		{6EC71A02-518D-4D60-AFCF-486265BD23C0}.Release|x86.ActiveCfg = Release|Win32
		{6EC71A02-518D-4D60-AFCF-486265BD23C0}.Release|x86.Build.0 = Release|Win32
		{441CD827-4313-4E25-B1C3-D8165112653E}.Debug|x64.ActiveCfg = Debug|x64
		{441CD827-4313-4E25-B1C3-D8165112653E}.Debug|x64.Build.0 = Debug|x64
		{441CD827-4313-4E25-B1C3-D8165112653E}.Debug|x86.ActiveCfg = Debug|Win32
		{441CD827-4313-4E25-B1C3-D8165112653E}.Debug|x86.Build.0 = Debug|Win32
		{441CD827-4313-4E25-B1C3-D8165112653E}.Release|x64.ActiveCfg = Release|x64
		{441CD827-4313-4E25-B1C3-D8165112653E}.Release|x64.Build.0 = Release|x64
		{441CD827-4313-4E25-B1C3-D8165112653E}.Release|x86.ActiveCfg = Release|Win32
		{441CD827-4313-4E25-B1C3-D8165112653E}.Release|x86.Build.0 = Release|Win32
		{045F1F5A-C3EF-4B85-9414-8C48B7862649}.Debug|x64.ActiveCfg = Debug|x64
		{045F1F5A-C3EF-4B85-9414-8C48B7862649}.Debug|x64.Build.0 = Debug|x64
		{045F1F5A-C3EF-4B85-9414-8C48B7862649}.Debug|x86.ActiveCfg = Debug|Win32
		{045F1F5A-C3EF-4B85-9414-8C48B7862649}.Debug|x86.Build.0 = Debug|Win32
		{045F1F5A-C3EF-4B85-9414-8C48B7862649}.Release|x64.ActiveCfg = Release|x64
		{045F1F5A-C3EF-4B85-9414-8C48B7862649}.Release|x64.Build.0 = Release|x64
		{045F1F5A-C3EF-4B85-9414-8C48B7862649}.Release|x86.ActiveCfg = Release|Win32
		{045F1F5A-C3EF-4B85-9414-8C48B7862649}.Release|x86.Build.0 = Release|Win32
		{8F05F796-8BD4-4FE8-B5CD-5707EE7D2ACB}.Debug|x64.ActiveCfg = Debug|x64
		{8F05F796-8BD4-4FE8-B5CD-5707EE7D2ACB}.Debug|x64.Build.0 = Debug|x64
		{8F05F796-8BD4-4FE8-B5CD-5707EE7D2ACB}.Debug|x86.ActiveCfg = Debug|Win32
		{8F05F796-8BD4-4FE8-B5CD-5707EE7D2ACB}.Debug|x86.Build.0 = Debug|Win32
		{8F05F796-8BD4-4FE8-B5CD-5707EE7D2ACB}.Release|x64.ActiveCfg = Release|x64
		{8F05F796-8BD4-4FE8-B5CD-5707EE7D2ACB}.Release|x64.Build.0 = Release|x64
		{8F05F796-8BD4-4FE8-B5CD-5707EE7D2ACB}.Release|x86.ActiveCfg = Release|Win32
		{8F05F796-8BD4-4FE8-B5CD-5707EE7D2ACB}.Release|x86.Build.0 = Release|Win32
		{8683323E-6363-478D-8055-39BBA4D739AD}.Debug|x64.ActiveCfg = Debug|x64
		{8683323E-6363-478D-8055-39BBA4D739AD}.Debug|x64.Build.0 = Debug|x64
		{8683323E-6363-478D-8055-39BBA4D739AD}.Debug|x86.ActiveCfg = Debug|Win32
		{8683323E-6363-478D-8055-39BBA4D739AD}.Debug|x86.Build.0 = Debug|Win32
		{8683323E-6363-478D-8055-39BBA4D739AD}.Release|x64.ActiveCfg = Release|x64
		{8683323E-6363-478D-8055-39BBA4D739AD}.Release|x64.Build.0 = Release|x64
		{8683323E-6363-478D-8055-39BBA4D739AD}.Release|x86.ActiveCfg = Release|Win32
		{8683323E-6363-478D-8055-39BBA4D739AD}.Release|x86.Build.0 = Release|Win32
		{94D84F12-AAD4-46E0-8C54-DEA98F3159B3}.Debug|x64.ActiveCfg = Debug|x64
		{94D84F12-AAD4-46E0-8C54-DEA98F3159B3}.Debug|x64.Build.0 = Debug|x64
		{94D84F12-AAD4-46E0-8C54-DEA98F3159B3}.Debug|x86.ActiveCfg = Debug|Win32
		{94D84F12-AAD4-46E0-8C54-DEA98F3159B3}.Debug|x86.Build.0 = Debug|Win32
		{94D84F12-AAD4-46E0-8C54-DEA98F3159B3}.Release|x64.ActiveCfg = Release|x64
		{94D84F12-AAD4-46E0-8C54-DEA98F3159B3}.Release|x64.Build.0 = Release|x64
		{94D84F12-AAD4-46E0-8C54-DEA98F3159B3}.Release|x86.ActiveCfg = Release|Win32
		{94D84F12-AAD4-46E0-8C54-DEA98F3159B3}.Release|x86.Build.0 = Release|Win32
		{6051ABF5-3788-4758-9A9C-671EBB70B03F}.Debug|x64.ActiveCfg = Debug|x64
		{6051ABF5-3788-4758-9A9C-671EBB70B03F}.Debug|x64.Build.0 = Debug|x64
		{6051ABF5-3788-4758-9A9C-671EBB70B03F}.Debug|x86.ActiveCfg = Debug|Win32
		{6051ABF5-3788-4758-9A9C-671EBB70B03F}.Debug|x86.Build.0 = Debug|Win32
		{6051ABF5-3788-4758-9A9C-671EBB70B03F}.Release|x64.ActiveCfg = Release|x64
		{6051ABF5-3788-4758-9A9C-671EBB70B03F}.Release|x64.Build.0 = Release|x64
		{6051ABF5-3788-4758-9A9C-671EBB70B03F}.Release|x86.ActiveCfg = Release|Win32
		{6051ABF5-3788-4758-9A9C-671EBB70B03F}.Release|x86.Build.0 = Release|Win32
		{1792B337-A3A5-41B3-88F2-110D4F4E3709}.Debug|x64.ActiveCfg = Debug|x64
		{1792B337-A3A5-41B3-88F2-110D4F4E3709}.Debug|x64.Build.0 = Debug|x64
		{1792B337-A3A5-41B3-88F2-110D4F4E3709}.Debug|x86.ActiveCfg = Debug|Win32
		{1792B337-A3A5-41B3-88F2-110D4F4E3709}.Debug|x86.Build.0 = Debug|Win32
		{1792B337-A3A5-41B3-88F2-110D4F4E3709}.Release|x64.ActiveCfg = Release|x64
		{1792B337-A3A5-41B3-88F2-110D4F4E3709}.Release|x64.Build.0 = Release|x64
		{1792B337-A3A5-41B3-88F2-110D4F4E3709}.Release|x86.ActiveCfg = Release|Win32
		{1792B337-A3A5-41B3-88F2-110D4F4E3709}.Release|x86.Build.0 = Release|Win32
		{E3522A01-EE96-4B25-AA2D-94632B38E3D8}.Debug|x64.ActiveCfg = Debug|x64
		{E3522A01-EE96-4B25-AA2D-94632B38E3D8}.Debug|x64.Build.0 = Debug|x64
		{E3522A01-EE96-4B25-AA2D-94632B38E3D8}.Debug|x86.ActiveCfg = Debug|Win32
		{E3522A01-EE96-4B25-AA2D-94632B38E3D8}.Debug|x86.Build.0 = Debug|Win32
		{E3522A01-EE96-4B25-AA2D-94632B38E3D8}.Release|x64.ActiveCfg = Release|x64
		{E3522A01-EE96-4B25-AA2D-94632B38E3D8}.Release|x64.Build.0 = Release|x64
		{E3522A01-EE96-4B25-AA2D-94632B38E3D8}.Release|x86.ActiveCfg = Release|Win32
		{E3522A01-EE96-4B25-AA2D-94632B38E3D8}.Release|x86.Build.0 = Release|Win32
		{155D6846-309F-4A3B-BCE2-B8F48B207670}.Debug|x64.ActiveCfg = Debug|x64
		{155D6846-309F-4A3B-BCE2-B8F48B207670}.Debug|x64.Build.0 = Debug|x64
		{155D6846-309F-4A3B-BCE2-B8F48B207670}.Debug|x86.ActiveCfg = Debug|Win32
		{155D6846-309F-4A3B-BCE2-B8F48B207670}.Debug|x86.Build.0 = Debug|Win32
		{155D6846-309F-4A3B-BCE2-B8F48B207670}.Release|x64.ActiveCfg = Release|x64
		{155D6846-309F-4A3B-BCE2-B8F48B207670}.Release|x64.Build.0 = Release|x64
		{155D6846-309F-4A3B-BCE2-B8F48B207670}.Release|x86.ActiveCfg = Release|Win32
		{155D6846-309F-4A3B-BCE2-B8F48B207670}.Release|x86.Build.0 = Release|Win32
		{BAE63C63-0C5A-4658-9300-8E2793E10A3C}.Debug|x64.ActiveCfg = Debug|x64
		{BAE63C63-0C5A-4658-9300-8E2793E10A3C}.Debug|x64.Build.0 = Debug|x64
		{BAE63C63-0C5A-4658-9300-8E2793E10A3C}.Debug|x86.ActiveCfg = Debug|Win32
		{BAE63C63-0C5A-4658-9300-8E2793E10A3C}.Debug|x86.Build.0 = Debug|Win32
		{BAE63C63-0C5A-4658-9300-8E2793E10A3C}.Release|x64.ActiveCfg = Release|x64
		{BAE63C63-0C5A-4658-9300-8E2793E10A3C}.Release|x64.Build.0 = Release|x64
		{BAE63C63-0C5A-4658-9300-8E2793E10A3C}.Release|x86.ActiveCfg = Release|Win32
		{BAE63C63-0C5A-4658-9300-8E2793E10A3C}.Release|x86.Build.0 = Release|Win32
		{ECB6055B-8FEC-4CA1-AA94-0F6E64B21903}.Debug|x64.ActiveCfg = Debug|x64
		{ECB6055B-8FEC-4CA1-AA94-0F6E64B21903}.Debug|x64.Build.0 = Debug|x64
		{ECB6055B-8FEC-4CA1-AA94-0F6E64B21903}.Debug|x86.ActiveCfg = Debug|Win32
		{ECB6055B-8FEC-4CA1-AA94-0F6E64B21903}.Debug|x86.Build.0 = Debug|Win32
		{ECB6055B-8FEC-4CA1-AA94-0F6E64B21903}.Release|x64.ActiveCfg = Release|x64
		{ECB6055B-8FEC-4CA1-AA94-0F6E64B21903}.Release|x64.Build.0 = Release|x64
		{ECB6055B-8FEC-4CA1-AA94-0F6E64B21903}.Release|x86.ActiveCfg = Release|Win32
		{ECB6055B-8FEC-4CA1-AA94-0F6E64B21903}.Release|x86.Build.0 = Release|Win32
		{AE5EA96A-243C-4183-8D61-E784BFCD57F3}.Debug|x64.ActiveCfg = Debug|x64
		{AE5EA96A-243C-4183-8D61-E784BFCD57F3}.Debug|x64.Build.0 = Debug|x64
		{AE5EA96A-243C-4183-8D61-E784BFCD57F3}.Debug|x86.ActiveCfg = Debug|Win32
		{AE5EA96A-243C-4183-8D61-E784BFCD57F3}.Debug|x86.Build.0 = Debug|Win32
		{AE5EA96A-243C-4183-8D61-E784BFCD57F3}.Release|x64.ActiveCfg = Release|x64
		{AE5EA96A-243C-4183-8D61-E784BFCD57F3}.Release|x64.Build.0 = Release|x64
		{AE5EA96A-243C-4183-8D61-E784BFCD57F3}.Release|x86.ActiveCfg = Release|Win32
		{AE5EA96A-243C-4183-8D61-E784BFCD57F3}.Release|x86.Build.0 = Release|Win32
		{322A0F20-EF36-4CB3-9DEF-9B52A8E04949}.Debug|x64.ActiveCfg = Debug|x64
		{322A0F20-EF36-4CB3-9DEF-9B52A8E04949}.Debug|x64.Build.0 = Debug|x64
		{322A0F20-EF36-4CB3-9DEF-9B52A8E04949}.Debug|x86.ActiveCfg = Debug|Win32
		{322A0F20-EF36-4CB3-9DEF-9B52A8E04949}.Debug|x86.Build.0 = Debug|Win32
		{322A0F20-EF36-4CB3-9DEF-9B52A8E04949}.Release|x64.ActiveCfg = Release|x64
		{322A0F20-EF36-4CB3-9DEF-9B52A8E04949}.Release|x64.Build.0 = Release|x64
		{322A0F20-EF36-4CB3-9DEF-9B52A8E04949}.Release|x86.ActiveCfg = Release|Win32
		{322A0F20-EF36-4CB3-9DEF-9B52A8E04949}.Release|x86.Build.0 = Release|Win32
		{CE53E2F0-121B-4B46-81C0-6D3F338864EE}.Debug|x64.ActiveCfg = Debug|x64
		{CE53E2F0-121B-4B46-81C0-6D3F338864EE}.Debug|x64.Build.0 = Debug|x64
		{CE53E2F0-121B-4B46-81C0-6D3F338864EE}.Debug|x86.ActiveCfg = Debug|Win32
		{CE53E2F0-121B-4B46-81C0-6D3F338864EE}.Debug|x86.Build.0 = Debug|Win32
		{CE53E2F0-121B-4B46-81C0-6D3F338864EE}.Release|x64.ActiveCfg = Release|x64
		{CE53E2F0-121B-4B46-81C0-6D3F338864EE}.Release|x64.Build.0 = Release|x64
		{CE53E2F0-121B-4B46-81C0-6D3F338864EE}.Release|x86.ActiveCfg = Release|Win32
		{CE53E2F0-121B-4B46-81C0-6D3F338864EE}.Release|x86.Build.0 = Release|Win32
		{9071BABC-B86F-46A5-B6C6-F5BEC5F0FF9A}.Debug|x64.ActiveCfg = Debug|x64
		{9071BABC-B86F-46A5-B6C6-F5BEC5F0FF9A}.Debug|x64.Build.0 = Debug|x64
		{9071BABC-B86F-46A5-B6C6-F5BEC5F0FF9A}.Debug|x86.ActiveCfg = Debug|Win32
		{9071BABC-B86F-46A5-B6C6-F5BEC5F0FF9A}.Debug|x86.Build.0 = Debug|Win32
		{9071BABC-B86F-46A5-B6C6-F5BEC5F0FF9A}.Release|x64.ActiveCfg = Release|x64
		{9071BABC-B86F-46A5-B6C6-F5BEC5F0FF9A}.Release|x64.Build.0 = Release|x64
		{9071BABC-B86F-46A5-B6C6-F5BEC5F0FF9A}.Release|x86.ActiveCfg = Release|Win32
		{9071BABC-B86F-46A5-B6C6-F5BEC5F0FF9A}.Release|x86.Build.0 = Release|Win32
		{34A26261-63B2-4A70-83A3-657CC9A3A8EA}.Debug|x64.ActiveCfg = Debug|x64
		{34A26261-63B2-4A70-83A3-657CC9A3A8EA}.Debug|x64.Build.0 = Debug|x64
		{34A26261-63B2-4A70-83A3-657CC9A3A8EA}.Debug|x86.ActiveCfg = Debug|Win32
		{34A26261-63B2-4A70-83A3-657CC9A3A8EA}.Debug|x86.Build.0 = Debug|Win32
		{34A26261-63B2-4A70-83A3-657CC9A3A8EA}.Release|x64.ActiveCfg = Release|x64
		{34A26261-63B2-4A70-83A3-657CC9A3A8EA}.Release|x64.Build.0 = Release|x64
		{34A26261-63B2-4A70-83A3-657CC9A3A8EA}.Release|x86.ActiveCfg = Release|Win32
		{34A26261-63B2-4A70-83A3-657CC9A3A8EA}.Release|x86.Build.0 = Release|Win32
		{BD297D03-C1C1-4032-B77B-60912DFA3298}.Debug|x64.ActiveCfg = Debug|x64
		{BD297D03-C1C1-4032-B77B-60912DFA3298}.Debug|x64.Build.0 = Debug|x64
		{BD297D03-C1C1-4032-B77B-60912DFA3298}.Debug|x86.ActiveCfg = Debug|Win32
		{BD297D03-C1C1-4032-B77B-60912DFA3298}.Debug|x86.Build.0 = Debug|Win32
		{BD297D03-C1C1-4032-B77B-60912DFA3298}.Release|x64.ActiveCfg = Release|x64
		{BD297D03-C1C1-4032-B77B-60912DFA3298}.Release|x64.Build.0 = Release|x64
		{BD297D03-C1C1-4032-B77B-60912DFA3298}.Release|x86.ActiveCfg = Release|Win32
		{BD297D03-C1C1-4032-B77B-60912DFA3298}.Release|x86.Build.0 = Release|Win32
		{4B1AB91B-07C3-4D26-BB1A-B6A966943A75}.Debug|x64.ActiveCfg = Debug|x64
		{4B1AB91B-07C3-4D26-BB1A-B6A966943A75}.Debug|x64.Build.0 = Debug|x64
		{4B1AB91B-07C3-4D26-BB1A-B6A966943A75}.Debug|x86.ActiveCfg = Debug|Win32
		{4B1AB91B-07C3-4D26-BB1A-B6A966943A75}.Debug|x86.Build.0 = Debug|Win32
		{4B1AB91B-07C3-4D26-BB1A-B6A966943A75}.Release|x64.ActiveCfg = Release|x64
		{4B1AB91B-07C3-4D26-BB1A-B6A966943A75}.Release|x64.Build.0 = Release|x64
		{4B1AB91B-07C3-4D26-BB1A-B6A966943A75}.Release|x86.ActiveCfg = Release|Win32
		{4B1AB91B-07C3-4D26-BB1A-B6A966943A75}.Release|x86.Build.0 = Release|Win32
		{D2AEF1C7-C1B2-4E10-86B5-2728F79A926C}.Debug|x64.ActiveCfg = Debug|x64
		{D2AEF1C7-C1B2-4E10-86B5-2728F79A926C}.Debug|x64.Build.0 = Debug|x64
		{D2AEF1C7-C1B2-4E10-86B5-2728F79A926C}.Debug|x86.ActiveCfg = Debug|Win32
		{D2AEF1C7-C1B2-4E10-86B5-2728F79A926C}.Debug|x86.Build.0 = Debug|Win32
		{D2AEF1C7-C1B2-4E10-86B5-2728F79A926C}.Release|x64.ActiveCfg = Release|x64
		{D2AEF1C7-C1B2-4E10-86B5-2728F79A926C}.Release|x64.Build.0 = Release|x64
		{D2AEF1C7-C1B2-4E10-86B5-2728F79A926C}.Release|x86.ActiveCfg = Release|Win32
		{D2AEF1C7-C1B2-4E10-86B5-2728F79A926C}.Release|x86.Build.0 = Release|Win32
		{B24A5ED8-4323-417A-BB08-58D29826DDBB}.Debug|x64.ActiveCfg = Debug|x64
		{B24A5ED8-4323-417A-BB08-58D29826DDBB}.Debug|x64.Build.0 = Debug|x64
		{B24A5ED8-4323-417A-BB08-58D29826DDBB}.Debug|x86.ActiveCfg = Debug|Win32
		{B24A5ED8-4323-417A-BB08-58D29826DDBB}.Debug|x86.Build.0 = Debug|Win32
		{B24A5ED8-4323-417A-BB08-58D29826DDBB}.Release|x64.ActiveCfg = Release|x64
		{B24A5ED8-4323-417A-BB08-58D29826DDBB}.Release|x64.Build.0 = Release|x64
		{B24A5ED8-4323-417A-BB08-58D29826DDBB}.Release|x86.ActiveCfg = Release|Win32
		{B24A5ED8-4323-417A-BB08-58D29826DDBB}.Release|x86.Build.0 = Release|Win32
		{DBA5679C-19E1-44A1-A12D-38D4A32E814D}.Debug|x64.ActiveCfg = Debug|x64
		{DBA5679C-19E1-44A1-A12D-38D4A32E814D}.Debug|x64.Build.0 = Debug|x64
		{DBA5679C-19E1-44A1-A12D-38D4A32E814D}.Debug|x86.ActiveCfg = Debug|Win32
		{DBA5679C-19E1-44A1-A12D-38D4A32E814D}.Debug|x86.Build.0 = Debug|Win32
		{DBA5679C-19E1-44A1-A12D-38D4A32E814D}.Release|x64.ActiveCfg = Release|x64
		{DBA5679C-19E1-44A1-A12D-38D4A32E814D}.Release|x64.Build.0 = Release|x64
		{DBA5679C-19E1-44A1-A12D-38D4A32E814D}.Release|x86.ActiveCfg = Release|Win32
		{DBA5679C-19E1-44A1-A12D-38D4A32E814D}.Release|x86.Build.0 = Release|Win32
		{22B642E4-C002-4224-B9D9-4A8EDF2D3A64}.Debug|x64.ActiveCfg = Debug|x64
		{22B642E4-C002-4224-B9D9-4A8EDF2D3A64}.Debug|x64.Build.0 = Debug|x64
		{22B642E4-C002-4224-B9D9-4A8EDF2D3A64}.Debug|x86.ActiveCfg = Debug|Win32
		{22B642E4-C002-4224-B9D9-4A8EDF2D3A64}.Debug|x86.Build.0 = Debug|Win32
		{22B642E4-C002-4224-B9D9-4A8EDF2D3A64}.Release|x64.ActiveCfg = Release|x64
		{22B642E4-C002-4224-B9D9-4A8EDF2D3A64}.Release|x64.Build.0 = Release|x64
		{22B642E4-C002-4224-B9D9-4A8EDF2D3A64}.Release|x86.ActiveCfg = Release|Win32
		{22B642E4-C002-4224-B9D9-4A8EDF2D3A64}.Release|x86.Build.0 = Release|Win32
		{B7855D26-2D53-4608-829A-4B8749252465}.Debug|x64.ActiveCfg = Debug|x64
		{B7855D26-2D53-4608-829A-4B8749252465}.Debug|x64.Build.0 = Debug|x64
		{B7855D26-2D53-4608-829A-4B8749252465}.Debug|x86.ActiveCfg = Debug|Win32
		{B7855D26-2D53-4608-829A-4B8749252465}.Debug|x86.Build.0 = Debug|Win32
		{B7855D26-2D53-4608-829A-4B8749252465}.Release|x64.ActiveCfg = Release|x64
		{B7855D26-2D53-4608-829A-4B8749252465}.Release|x64.Build.0 = Release|x64
		{B7855D26-2D53-4608-829A-4B8749252465}.Release|x86.ActiveCfg = Release|Win32
		{B7855D26-2D53-4608-829A-4B8749252465}.Release|x86.Build.0 = Release|Win32
		{599FA474-AB90-408B-9076-3B46573E491D}.Debug|x64.ActiveCfg = Debug|x64
		{599FA474-AB90-408B-9076-3B46573E491D}.Debug|x64.Build.0 = Debug|x64
		{599FA474-AB90-408B-9076-3B46573E491D}.Debug|x86.ActiveCfg = Debug|Win32
		{599FA474-AB90-408B-9076-3B46573E491D}.Debug|x86.Build.0 = Debug|Win32
		{599FA474-AB90-408B-9076-3B46573E491D}.Release|x64.ActiveCfg = Release|x64
		{599FA474-AB90-408B-9076-3B46573E491D}.Release|x64.Build.0 = Release|x64
		{599FA474-AB90-408B-9076-3B46573E491D}.Release|x86.ActiveCfg = Release|Win32
		{599FA474-AB90-408B-9076-3B46573E491D}.Release|x86.Build.0 = Release|Win32
		{D67D936B-49A0-496E-8FD4-3BC55F198CD3}.Debug|x64.ActiveCfg = Debug|x64
		{D67D936B-49A0-496E-8FD4-3BC55F198CD3}.Debug|x64.Build.0 = Debug|x64
		{D67D936B-49A0-496E-8FD4-3BC55F198CD3}.Debug|x86.ActiveCfg = Debug|Win32
		{D67D936B-49A0-496E-8FD4-3BC55F198CD3}.Debug|x86.Build.0 = Debug|Win32
		{D67D936B-49A0-496E-8FD4-3BC55F198CD3}.Release|x64.ActiveCfg = Release|x64
		{D67D936B-49A0-496E-8FD4-3BC55F198CD3}.Release|x64.Build.0 = Release|x64
		{D67D936B-49A0-496E-8FD4-3BC55F198CD3}.Release|x86.ActiveCfg = Release|Win32
		{D67D936B-49A0-496E-8FD4-3BC55F198CD3}.Release|x86.Build.0 = Release|Win32
		{0F120543-280B-461C-910A-E57F005E37B5}.Debug|x64.ActiveCfg = Debug|x64
		{0F120543-280B-461C-910A-E57F005E37B5}.Debug|x64.Build.0 = Debug|x64
		{0F120543-280B-461C-910A-E57F005E37B5}.Debug|x86.ActiveCfg = Debug|Win32
		{0F120543-280B-461C-910A-E57F005E37B5}.Debug|x86.Build.0 = Debug|Win32
		{0F120543-280B-461C-910A-E57F005E37B5}.Release|x64.ActiveCfg = Release|x64
		{0F120543-280B-461C-910A-E57F005E37B5}.Release|x64.Build.0 = Release|x64
		{0F120543-280B-461C-910A-E57F005E37B5}.Release|x86.ActiveCfg = Release|Win32
		{0F120543-280B-461C-910A-E57F005E37B5}.Release|x86.Build.0 = Release|Win32
	EndGlobalSection
	GlobalSection(SolutionProperties) = preSolution
		HideSolutionNode = FALSE
	EndGlobalSection
	GlobalSection(NestedProjects) = preSolution
		{C0ABE25D-833C-4EBA-80C7-352A0FEDC928} = {348AD067-6070-4658-860D-54BAE1B6F669}
		{C6BBE488-95B6-483C-84E6-782506C61A1F} = {348AD067-6070-4658-860D-54BAE1B6F669}
		{8AB687F7-43C9-456D-B4C6-2CCB1EE59EE9} = {C6BBE488-95B6-483C-84E6-782506C61A1F}
		{0BF00F9E-5B40-452D-BBEA-B4DB7085292F} = {C6BBE488-95B6-483C-84E6-782506C61A1F}
		{3E85400D-B7A5-47B3-8A06-83E30E6F9C32} = {C6BBE488-95B6-483C-84E6-782506C61A1F}
		{46133A31-807E-4133-AE99-0A1CFFAAB136} = {C0ABE25D-833C-4EBA-80C7-352A0FEDC928}
		{6EC71A02-518D-4D60-AFCF-486265BD23C0} = {C0ABE25D-833C-4EBA-80C7-352A0FEDC928}
		{441CD827-4313-4E25-B1C3-D8165112653E} = {C0ABE25D-833C-4EBA-80C7-352A0FEDC928}
		{045F1F5A-C3EF-4B85-9414-8C48B7862649} = {C0ABE25D-833C-4EBA-80C7-352A0FEDC928}
		{8F05F796-8BD4-4FE8-B5CD-5707EE7D2ACB} = {C0ABE25D-833C-4EBA-80C7-352A0FEDC928}
		{8683323E-6363-478D-8055-39BBA4D739AD} = {CF599C22-3DA9-4F94-A9A2-9705447BDA34}
		{94D84F12-AAD4-46E0-8C54-DEA98F3159B3} = {CF599C22-3DA9-4F94-A9A2-9705447BDA34}
		{6051ABF5-3788-4758-9A9C-671EBB70B03F} = {CF599C22-3DA9-4F94-A9A2-9705447BDA34}
		{1792B337-A3A5-41B3-88F2-110D4F4E3709} = {CF599C22-3DA9-4F94-A9A2-9705447BDA34}
		{E3522A01-EE96-4B25-AA2D-94632B38E3D8} = {9E1FFDB2-D384-4BBE-9C8D-193345BC7E25}
		{155D6846-309F-4A3B-BCE2-B8F48B207670} = {9E1FFDB2-D384-4BBE-9C8D-193345BC7E25}
		{BAE63C63-0C5A-4658-9300-8E2793E10A3C} = {9E1FFDB2-D384-4BBE-9C8D-193345BC7E25}
		{ECB6055B-8FEC-4CA1-AA94-0F6E64B21903} = {9E1FFDB2-D384-4BBE-9C8D-193345BC7E25}
		{AE5EA96A-243C-4183-8D61-E784BFCD57F3} = {CD658F92-446A-4DAD-9CE5-1B481362920D}
		{322A0F20-EF36-4CB3-9DEF-9B52A8E04949} = {CD658F92-446A-4DAD-9CE5-1B481362920D}
		{CE53E2F0-121B-4B46-81C0-6D3F338864EE} = {CD658F92-446A-4DAD-9CE5-1B481362920D}
		{9071BABC-B86F-46A5-B6C6-F5BEC5F0FF9A} = {CD658F92-446A-4DAD-9CE5-1B481362920D}
		{34A26261-63B2-4A70-83A3-657CC9A3A8EA} = {CD658F92-446A-4DAD-9CE5-1B481362920D}
		{BD297D03-C1C1-4032-B77B-60912DFA3298} = {CD658F92-446A-4DAD-9CE5-1B481362920D}
		{408A64CC-15F8-4A8A-B543-90B01E8D6107} = {61F3F925-0549-4536-993E-F18C9DAE959B}
		{E49BDA4C-6B6F-4369-B434-2EA7E936A4DE} = {61F3F925-0549-4536-993E-F18C9DAE959B}
		{4B1AB91B-07C3-4D26-BB1A-B6A966943A75} = {408A64CC-15F8-4A8A-B543-90B01E8D6107}
		{D2AEF1C7-C1B2-4E10-86B5-2728F79A926C} = {408A64CC-15F8-4A8A-B543-90B01E8D6107}
		{B24A5ED8-4323-417A-BB08-58D29826DDBB} = {408A64CC-15F8-4A8A-B543-90B01E8D6107}
		{DBA5679C-19E1-44A1-A12D-38D4A32E814D} = {408A64CC-15F8-4A8A-B543-90B01E8D6107}
		{22B642E4-C002-4224-B9D9-4A8EDF2D3A64} = {408A64CC-15F8-4A8A-B543-90B01E8D6107}
		{B7855D26-2D53-4608-829A-4B8749252465} = {408A64CC-15F8-4A8A-B543-90B01E8D6107}
		{599FA474-AB90-408B-9076-3B46573E491D} = {408A64CC-15F8-4A8A-B543-90B01E8D6107}
		{D67D936B-49A0-496E-8FD4-3BC55F198CD3} = {E49BDA4C-6B6F-4369-B434-2EA7E936A4DE}
		{0F120543-280B-461C-910A-E57F005E37B5} = {E49BDA4C-6B6F-4369-B434-2EA7E936A4DE}
	EndGlobalSection
	GlobalSection(ExtensibilityGlobals) = postSolution
		SolutionGuid = {29D76C6E-5BFF-4C07-A7E0-03DA8D9AA389}
	EndGlobalSection
EndGlobal
