
Microsoft Visual Studio Solution File, Format Version 12.00
# Visual Studio 15
VisualStudioVersion = 15.0.28307.329
MinimumVisualStudioVersion = 10.0.40219.1
Project("{2150E333-8FDC-42A3-9474-1A3956D46DE8}") = "Week 1. MacrosesAndClassTemplates", "Week 1. MacrosesAndClassTemplates", "{348AD067-6070-4658-860D-54BAE1B6F669}"
EndProject
Project("{8BC9CEB8-8B4A-11D0-8D11-00A0C91BC942}") = "YellowBeltTestTask", "YellowBeltTestTask\YellowBeltTestTask.vcxproj", "{4845F6B4-53D6-4CBA-84F2-7C8D13611D7C}"
EndProject
Project("{2150E333-8FDC-42A3-9474-1A3956D46DE8}") = "Macroses", "Macroses", "{C0ABE25D-833C-4EBA-80C7-352A0FEDC928}"
EndProject
Project("{2150E333-8FDC-42A3-9474-1A3956D46DE8}") = "ClassTemplates", "ClassTemplates", "{C6BBE488-95B6-483C-84E6-782506C61A1F}"
EndProject
Project("{8BC9CEB8-8B4A-11D0-8D11-00A0C91BC942}") = "Deque", "Week 1. MacrosesAndClassTemplates\ClassTemplates\Deque\Deque.vcxproj", "{8AB687F7-43C9-456D-B4C6-2CCB1EE59EE9}"
EndProject
Project("{8BC9CEB8-8B4A-11D0-8D11-00A0C91BC942}") = "Paginator", "Week 1. MacrosesAndClassTemplates\ClassTemplates\Paginator\Paginator.vcxproj", "{0BF00F9E-5B40-452D-BBEA-B4DB7085292F}"
EndProject
Project("{8BC9CEB8-8B4A-11D0-8D11-00A0C91BC942}") = "Table", "Week 1. MacrosesAndClassTemplates\ClassTemplates\Table\Table.vcxproj", "{3E85400D-B7A5-47B3-8A06-83E30E6F9C32}"
EndProject
Project("{8BC9CEB8-8B4A-11D0-8D11-00A0C91BC942}") = "BadMacros", "Week 1. MacrosesAndClassTemplates\Macroses\BadMacros\BadMacros.vcxproj", "{46133A31-807E-4133-AE99-0A1CFFAAB136}"
EndProject
Project("{8BC9CEB8-8B4A-11D0-8D11-00A0C91BC942}") = "ComparatorGenerator", "Week 1. MacrosesAndClassTemplates\Macroses\ComparatorGenerator\ComparatorGenerator.vcxproj", "{6EC71A02-518D-4D60-AFCF-486265BD23C0}"
EndProject
Project("{8BC9CEB8-8B4A-11D0-8D11-00A0C91BC942}") = "Logger", "Week 1. MacrosesAndClassTemplates\Macroses\Logger\Logger.vcxproj", "{441CD827-4313-4E25-B1C3-D8165112653E}"
EndProject
Project("{8BC9CEB8-8B4A-11D0-8D11-00A0C91BC942}") = "UniqId", "Week 1. MacrosesAndClassTemplates\Macroses\UniqId\UniqId.vcxproj", "{045F1F5A-C3EF-4B85-9414-8C48B7862649}"
EndProject
Project("{8BC9CEB8-8B4A-11D0-8D11-00A0C91BC942}") = "UpdateFields", "Week 1. MacrosesAndClassTemplates\Macroses\UpdateFields\UpdateFields.vcxproj", "{8F05F796-8BD4-4FE8-B5CD-5707EE7D2ACB}"
EndProject
Project("{2150E333-8FDC-42A3-9474-1A3956D46DE8}") = "Week 2. Optimization", "Week 2. Optimization", "{CF599C22-3DA9-4F94-A9A2-9705447BDA34}"
EndProject
Project("{8BC9CEB8-8B4A-11D0-8D11-00A0C91BC942}") = "TestPlayground", "Week 2. Optimization\TestPlayground\TestPlayground.vcxproj", "{8683323E-6363-478D-8055-39BBA4D739AD}"
EndProject
Project("{8BC9CEB8-8B4A-11D0-8D11-00A0C91BC942}") = "StudentSort", "Week 2. Optimization\StudentSort\StudentSort.vcxproj", "{94D84F12-AAD4-46E0-8C54-DEA98F3159B3}"
EndProject
Project("{8BC9CEB8-8B4A-11D0-8D11-00A0C91BC942}") = "Learner", "Week 2. Optimization\Learner\Learner.vcxproj", "{6051ABF5-3788-4758-9A9C-671EBB70B03F}"
EndProject
Project("{8BC9CEB8-8B4A-11D0-8D11-00A0C91BC942}") = "Booking", "Week 2. Optimization\Booking\Booking.vcxproj", "{1792B337-A3A5-41B3-88F2-110D4F4E3709}"
EndProject
Project("{2150E333-8FDC-42A3-9474-1A3956D46DE8}") = "Week 3. MemoryModel", "Week 3. MemoryModel", "{9E1FFDB2-D384-4BBE-9C8D-193345BC7E25}"
EndProject
Project("{8BC9CEB8-8B4A-11D0-8D11-00A0C91BC942}") = "ObjectPool", "Week 3. MemoryModel\ObjectPool\ObjectPool.vcxproj", "{E3522A01-EE96-4B25-AA2D-94632B38E3D8}"
EndProject
Global
	GlobalSection(SolutionConfigurationPlatforms) = preSolution
		Debug|x64 = Debug|x64
		Debug|x86 = Debug|x86
		Release|x64 = Release|x64
		Release|x86 = Release|x86
	EndGlobalSection
	GlobalSection(ProjectConfigurationPlatforms) = postSolution
		{4845F6B4-53D6-4CBA-84F2-7C8D13611D7C}.Debug|x64.ActiveCfg = Debug|x64
		{4845F6B4-53D6-4CBA-84F2-7C8D13611D7C}.Debug|x64.Build.0 = Debug|x64
		{4845F6B4-53D6-4CBA-84F2-7C8D13611D7C}.Debug|x86.ActiveCfg = Debug|Win32
		{4845F6B4-53D6-4CBA-84F2-7C8D13611D7C}.Debug|x86.Build.0 = Debug|Win32
		{4845F6B4-53D6-4CBA-84F2-7C8D13611D7C}.Release|x64.ActiveCfg = Release|x64
		{4845F6B4-53D6-4CBA-84F2-7C8D13611D7C}.Release|x64.Build.0 = Release|x64
		{4845F6B4-53D6-4CBA-84F2-7C8D13611D7C}.Release|x86.ActiveCfg = Release|Win32
		{4845F6B4-53D6-4CBA-84F2-7C8D13611D7C}.Release|x86.Build.0 = Release|Win32
		{8AB687F7-43C9-456D-B4C6-2CCB1EE59EE9}.Debug|x64.ActiveCfg = Debug|x64
		{8AB687F7-43C9-456D-B4C6-2CCB1EE59EE9}.Debug|x64.Build.0 = Debug|x64
		{8AB687F7-43C9-456D-B4C6-2CCB1EE59EE9}.Debug|x86.ActiveCfg = Debug|Win32
		{8AB687F7-43C9-456D-B4C6-2CCB1EE59EE9}.Debug|x86.Build.0 = Debug|Win32
		{8AB687F7-43C9-456D-B4C6-2CCB1EE59EE9}.Release|x64.ActiveCfg = Release|x64
		{8AB687F7-43C9-456D-B4C6-2CCB1EE59EE9}.Release|x64.Build.0 = Release|x64
		{8AB687F7-43C9-456D-B4C6-2CCB1EE59EE9}.Release|x86.ActiveCfg = Release|Win32
		{8AB687F7-43C9-456D-B4C6-2CCB1EE59EE9}.Release|x86.Build.0 = Release|Win32
		{0BF00F9E-5B40-452D-BBEA-B4DB7085292F}.Debug|x64.ActiveCfg = Debug|x64
		{0BF00F9E-5B40-452D-BBEA-B4DB7085292F}.Debug|x64.Build.0 = Debug|x64
		{0BF00F9E-5B40-452D-BBEA-B4DB7085292F}.Debug|x86.ActiveCfg = Debug|Win32
		{0BF00F9E-5B40-452D-BBEA-B4DB7085292F}.Debug|x86.Build.0 = Debug|Win32
		{0BF00F9E-5B40-452D-BBEA-B4DB7085292F}.Release|x64.ActiveCfg = Release|x64
		{0BF00F9E-5B40-452D-BBEA-B4DB7085292F}.Release|x64.Build.0 = Release|x64
		{0BF00F9E-5B40-452D-BBEA-B4DB7085292F}.Release|x86.ActiveCfg = Release|Win32
		{0BF00F9E-5B40-452D-BBEA-B4DB7085292F}.Release|x86.Build.0 = Release|Win32
		{3E85400D-B7A5-47B3-8A06-83E30E6F9C32}.Debug|x64.ActiveCfg = Debug|x64
		{3E85400D-B7A5-47B3-8A06-83E30E6F9C32}.Debug|x64.Build.0 = Debug|x64
		{3E85400D-B7A5-47B3-8A06-83E30E6F9C32}.Debug|x86.ActiveCfg = Debug|Win32
		{3E85400D-B7A5-47B3-8A06-83E30E6F9C32}.Debug|x86.Build.0 = Debug|Win32
		{3E85400D-B7A5-47B3-8A06-83E30E6F9C32}.Release|x64.ActiveCfg = Release|x64
		{3E85400D-B7A5-47B3-8A06-83E30E6F9C32}.Release|x64.Build.0 = Release|x64
		{3E85400D-B7A5-47B3-8A06-83E30E6F9C32}.Release|x86.ActiveCfg = Release|Win32
		{3E85400D-B7A5-47B3-8A06-83E30E6F9C32}.Release|x86.Build.0 = Release|Win32
		{46133A31-807E-4133-AE99-0A1CFFAAB136}.Debug|x64.ActiveCfg = Debug|x64
		{46133A31-807E-4133-AE99-0A1CFFAAB136}.Debug|x64.Build.0 = Debug|x64
		{46133A31-807E-4133-AE99-0A1CFFAAB136}.Debug|x86.ActiveCfg = Debug|Win32
		{46133A31-807E-4133-AE99-0A1CFFAAB136}.Debug|x86.Build.0 = Debug|Win32
		{46133A31-807E-4133-AE99-0A1CFFAAB136}.Release|x64.ActiveCfg = Release|x64
		{46133A31-807E-4133-AE99-0A1CFFAAB136}.Release|x64.Build.0 = Release|x64
		{46133A31-807E-4133-AE99-0A1CFFAAB136}.Release|x86.ActiveCfg = Release|Win32
		{46133A31-807E-4133-AE99-0A1CFFAAB136}.Release|x86.Build.0 = Release|Win32
		{6EC71A02-518D-4D60-AFCF-486265BD23C0}.Debug|x64.ActiveCfg = Debug|x64
		{6EC71A02-518D-4D60-AFCF-486265BD23C0}.Debug|x64.Build.0 = Debug|x64
		{6EC71A02-518D-4D60-AFCF-486265BD23C0}.Debug|x86.ActiveCfg = Debug|Win32
		{6EC71A02-518D-4D60-AFCF-486265BD23C0}.Debug|x86.Build.0 = Debug|Win32
		{6EC71A02-518D-4D60-AFCF-486265BD23C0}.Release|x64.ActiveCfg = Release|x64
		{6EC71A02-518D-4D60-AFCF-486265BD23C0}.Release|x64.Build.0 = Release|x64
		{6EC71A02-518D-4D60-AFCF-486265BD23C0}.Release|x86.ActiveCfg = Release|Win32
		{6EC71A02-518D-4D60-AFCF-486265BD23C0}.Release|x86.Build.0 = Release|Win32
		{441CD827-4313-4E25-B1C3-D8165112653E}.Debug|x64.ActiveCfg = Debug|x64
		{441CD827-4313-4E25-B1C3-D8165112653E}.Debug|x64.Build.0 = Debug|x64
		{441CD827-4313-4E25-B1C3-D8165112653E}.Debug|x86.ActiveCfg = Debug|Win32
		{441CD827-4313-4E25-B1C3-D8165112653E}.Debug|x86.Build.0 = Debug|Win32
		{441CD827-4313-4E25-B1C3-D8165112653E}.Release|x64.ActiveCfg = Release|x64
		{441CD827-4313-4E25-B1C3-D8165112653E}.Release|x64.Build.0 = Release|x64
		{441CD827-4313-4E25-B1C3-D8165112653E}.Release|x86.ActiveCfg = Release|Win32
		{441CD827-4313-4E25-B1C3-D8165112653E}.Release|x86.Build.0 = Release|Win32
		{045F1F5A-C3EF-4B85-9414-8C48B7862649}.Debug|x64.ActiveCfg = Debug|x64
		{045F1F5A-C3EF-4B85-9414-8C48B7862649}.Debug|x64.Build.0 = Debug|x64
		{045F1F5A-C3EF-4B85-9414-8C48B7862649}.Debug|x86.ActiveCfg = Debug|Win32
		{045F1F5A-C3EF-4B85-9414-8C48B7862649}.Debug|x86.Build.0 = Debug|Win32
		{045F1F5A-C3EF-4B85-9414-8C48B7862649}.Release|x64.ActiveCfg = Release|x64
		{045F1F5A-C3EF-4B85-9414-8C48B7862649}.Release|x64.Build.0 = Release|x64
		{045F1F5A-C3EF-4B85-9414-8C48B7862649}.Release|x86.ActiveCfg = Release|Win32
		{045F1F5A-C3EF-4B85-9414-8C48B7862649}.Release|x86.Build.0 = Release|Win32
		{8F05F796-8BD4-4FE8-B5CD-5707EE7D2ACB}.Debug|x64.ActiveCfg = Debug|x64
		{8F05F796-8BD4-4FE8-B5CD-5707EE7D2ACB}.Debug|x64.Build.0 = Debug|x64
		{8F05F796-8BD4-4FE8-B5CD-5707EE7D2ACB}.Debug|x86.ActiveCfg = Debug|Win32
		{8F05F796-8BD4-4FE8-B5CD-5707EE7D2ACB}.Debug|x86.Build.0 = Debug|Win32
		{8F05F796-8BD4-4FE8-B5CD-5707EE7D2ACB}.Release|x64.ActiveCfg = Release|x64
		{8F05F796-8BD4-4FE8-B5CD-5707EE7D2ACB}.Release|x64.Build.0 = Release|x64
		{8F05F796-8BD4-4FE8-B5CD-5707EE7D2ACB}.Release|x86.ActiveCfg = Release|Win32
		{8F05F796-8BD4-4FE8-B5CD-5707EE7D2ACB}.Release|x86.Build.0 = Release|Win32
		{8683323E-6363-478D-8055-39BBA4D739AD}.Debug|x64.ActiveCfg = Debug|x64
		{8683323E-6363-478D-8055-39BBA4D739AD}.Debug|x64.Build.0 = Debug|x64
		{8683323E-6363-478D-8055-39BBA4D739AD}.Debug|x86.ActiveCfg = Debug|Win32
		{8683323E-6363-478D-8055-39BBA4D739AD}.Debug|x86.Build.0 = Debug|Win32
		{8683323E-6363-478D-8055-39BBA4D739AD}.Release|x64.ActiveCfg = Release|x64
		{8683323E-6363-478D-8055-39BBA4D739AD}.Release|x64.Build.0 = Release|x64
		{8683323E-6363-478D-8055-39BBA4D739AD}.Release|x86.ActiveCfg = Release|Win32
		{8683323E-6363-478D-8055-39BBA4D739AD}.Release|x86.Build.0 = Release|Win32
		{94D84F12-AAD4-46E0-8C54-DEA98F3159B3}.Debug|x64.ActiveCfg = Debug|x64
		{94D84F12-AAD4-46E0-8C54-DEA98F3159B3}.Debug|x64.Build.0 = Debug|x64
		{94D84F12-AAD4-46E0-8C54-DEA98F3159B3}.Debug|x86.ActiveCfg = Debug|Win32
		{94D84F12-AAD4-46E0-8C54-DEA98F3159B3}.Debug|x86.Build.0 = Debug|Win32
		{94D84F12-AAD4-46E0-8C54-DEA98F3159B3}.Release|x64.ActiveCfg = Release|x64
		{94D84F12-AAD4-46E0-8C54-DEA98F3159B3}.Release|x64.Build.0 = Release|x64
		{94D84F12-AAD4-46E0-8C54-DEA98F3159B3}.Release|x86.ActiveCfg = Release|Win32
		{94D84F12-AAD4-46E0-8C54-DEA98F3159B3}.Release|x86.Build.0 = Release|Win32
		{6051ABF5-3788-4758-9A9C-671EBB70B03F}.Debug|x64.ActiveCfg = Debug|x64
		{6051ABF5-3788-4758-9A9C-671EBB70B03F}.Debug|x64.Build.0 = Debug|x64
		{6051ABF5-3788-4758-9A9C-671EBB70B03F}.Debug|x86.ActiveCfg = Debug|Win32
		{6051ABF5-3788-4758-9A9C-671EBB70B03F}.Debug|x86.Build.0 = Debug|Win32
		{6051ABF5-3788-4758-9A9C-671EBB70B03F}.Release|x64.ActiveCfg = Release|x64
		{6051ABF5-3788-4758-9A9C-671EBB70B03F}.Release|x64.Build.0 = Release|x64
		{6051ABF5-3788-4758-9A9C-671EBB70B03F}.Release|x86.ActiveCfg = Release|Win32
		{6051ABF5-3788-4758-9A9C-671EBB70B03F}.Release|x86.Build.0 = Release|Win32
		{1792B337-A3A5-41B3-88F2-110D4F4E3709}.Debug|x64.ActiveCfg = Debug|x64
		{1792B337-A3A5-41B3-88F2-110D4F4E3709}.Debug|x64.Build.0 = Debug|x64
		{1792B337-A3A5-41B3-88F2-110D4F4E3709}.Debug|x86.ActiveCfg = Debug|Win32
		{1792B337-A3A5-41B3-88F2-110D4F4E3709}.Debug|x86.Build.0 = Debug|Win32
		{1792B337-A3A5-41B3-88F2-110D4F4E3709}.Release|x64.ActiveCfg = Release|x64
		{1792B337-A3A5-41B3-88F2-110D4F4E3709}.Release|x64.Build.0 = Release|x64
		{1792B337-A3A5-41B3-88F2-110D4F4E3709}.Release|x86.ActiveCfg = Release|Win32
		{1792B337-A3A5-41B3-88F2-110D4F4E3709}.Release|x86.Build.0 = Release|Win32
		{E3522A01-EE96-4B25-AA2D-94632B38E3D8}.Debug|x64.ActiveCfg = Debug|x64
		{E3522A01-EE96-4B25-AA2D-94632B38E3D8}.Debug|x64.Build.0 = Debug|x64
		{E3522A01-EE96-4B25-AA2D-94632B38E3D8}.Debug|x86.ActiveCfg = Debug|Win32
		{E3522A01-EE96-4B25-AA2D-94632B38E3D8}.Debug|x86.Build.0 = Debug|Win32
		{E3522A01-EE96-4B25-AA2D-94632B38E3D8}.Release|x64.ActiveCfg = Release|x64
		{E3522A01-EE96-4B25-AA2D-94632B38E3D8}.Release|x64.Build.0 = Release|x64
		{E3522A01-EE96-4B25-AA2D-94632B38E3D8}.Release|x86.ActiveCfg = Release|Win32
		{E3522A01-EE96-4B25-AA2D-94632B38E3D8}.Release|x86.Build.0 = Release|Win32
	EndGlobalSection
	GlobalSection(SolutionProperties) = preSolution
		HideSolutionNode = FALSE
	EndGlobalSection
	GlobalSection(NestedProjects) = preSolution
		{C0ABE25D-833C-4EBA-80C7-352A0FEDC928} = {348AD067-6070-4658-860D-54BAE1B6F669}
		{C6BBE488-95B6-483C-84E6-782506C61A1F} = {348AD067-6070-4658-860D-54BAE1B6F669}
		{8AB687F7-43C9-456D-B4C6-2CCB1EE59EE9} = {C6BBE488-95B6-483C-84E6-782506C61A1F}
		{0BF00F9E-5B40-452D-BBEA-B4DB7085292F} = {C6BBE488-95B6-483C-84E6-782506C61A1F}
		{3E85400D-B7A5-47B3-8A06-83E30E6F9C32} = {C6BBE488-95B6-483C-84E6-782506C61A1F}
		{46133A31-807E-4133-AE99-0A1CFFAAB136} = {C0ABE25D-833C-4EBA-80C7-352A0FEDC928}
		{6EC71A02-518D-4D60-AFCF-486265BD23C0} = {C0ABE25D-833C-4EBA-80C7-352A0FEDC928}
		{441CD827-4313-4E25-B1C3-D8165112653E} = {C0ABE25D-833C-4EBA-80C7-352A0FEDC928}
		{045F1F5A-C3EF-4B85-9414-8C48B7862649} = {C0ABE25D-833C-4EBA-80C7-352A0FEDC928}
		{8F05F796-8BD4-4FE8-B5CD-5707EE7D2ACB} = {C0ABE25D-833C-4EBA-80C7-352A0FEDC928}
		{8683323E-6363-478D-8055-39BBA4D739AD} = {CF599C22-3DA9-4F94-A9A2-9705447BDA34}
		{94D84F12-AAD4-46E0-8C54-DEA98F3159B3} = {CF599C22-3DA9-4F94-A9A2-9705447BDA34}
		{6051ABF5-3788-4758-9A9C-671EBB70B03F} = {CF599C22-3DA9-4F94-A9A2-9705447BDA34}
		{1792B337-A3A5-41B3-88F2-110D4F4E3709} = {CF599C22-3DA9-4F94-A9A2-9705447BDA34}
		{E3522A01-EE96-4B25-AA2D-94632B38E3D8} = {9E1FFDB2-D384-4BBE-9C8D-193345BC7E25}
	EndGlobalSection
	GlobalSection(ExtensibilityGlobals) = postSolution
		SolutionGuid = {29D76C6E-5BFF-4C07-A7E0-03DA8D9AA389}
	EndGlobalSection
EndGlobal
