
Microsoft Visual Studio Solution File, Format Version 12.00
# Visual Studio Version 16
VisualStudioVersion = 16.0.29020.237
MinimumVisualStudioVersion = 10.0.40219.1
Project("{2150E333-8FDC-42A3-9474-1A3956D46DE8}") = "Week 1. Non-linearContainers", "Week 1. Non-linearContainers", "{DBBE700E-67CF-422A-9712-06CBB9C55784}"
EndProject
Project("{8BC9CEB8-8B4A-11D0-8D11-00A0C91BC942}") = "HashTable", "Week 1. Non-linearContainers\HashTable\HashTable.vcxproj", "{7F621C73-8E92-419B-8B2B-4EF778280B91}"
EndProject
Project("{8BC9CEB8-8B4A-11D0-8D11-00A0C91BC942}") = "SetIterator++", "Week 1. Non-linearContainers\SetIterator++\SetIterator++.vcxproj", "{85928A32-8A6B-48A7-BCC7-5EE938AF053E}"
EndProject
Project("{8BC9CEB8-8B4A-11D0-8D11-00A0C91BC942}") = "Playground", "Playground\Playground.vcxproj", "{711FA472-2A5F-41FC-A78F-911D78607F4B}"
EndProject
Project("{8BC9CEB8-8B4A-11D0-8D11-00A0C91BC942}") = "SecondaryIndex", "Week 1. Non-linearContainers\SecondaryIndex\SecondaryIndex.vcxproj", "{D0F97368-FD52-4C4B-B8D0-CA9DC3A6952B}"
EndProject
Project("{2150E333-8FDC-42A3-9474-1A3956D46DE8}") = "Week 2. NamespacesAndThis", "Week 2. NamespacesAndThis", "{A4BDEC35-CF2A-4380-89FF-3206B3AF58CB}"
EndProject
Project("{8BC9CEB8-8B4A-11D0-8D11-00A0C91BC942}") = "XmlSpendings", "Week 2. NamespacesAndThis\XmlSpendings\XmlSpendings.vcxproj", "{81E82E01-6341-4A78-9182-DBA196B5B24C}"
EndProject
Project("{8BC9CEB8-8B4A-11D0-8D11-00A0C91BC942}") = "JsonSpendings", "Week 2. NamespacesAndThis\JsonSpendings\JsonSpendings.vcxproj", "{6B6148C3-E8FC-46F3-A6FF-43544773FE99}"
EndProject
Project("{8BC9CEB8-8B4A-11D0-8D11-00A0C91BC942}") = "IniParser", "Week 2. NamespacesAndThis\IniParser\IniParser.vcxproj", "{86ACCDE8-7200-4C82-8102-3848614738DA}"
EndProject
Project("{8BC9CEB8-8B4A-11D0-8D11-00A0C91BC942}") = "Refactoring", "Week 2. NamespacesAndThis\Refactoring\Refactoring.vcxproj", "{DCCB9A58-F700-4B07-B292-2CBC94E48707}"
EndProject
Project("{8BC9CEB8-8B4A-11D0-8D11-00A0C91BC942}") = "StatsAggregator", "Week 2. NamespacesAndThis\StatsAggregator\StatsAggregator.vcxproj", "{BB19A7A7-C2DB-4762-8194-52B07C744D7C}"
EndProject
Project("{8BC9CEB8-8B4A-11D0-8D11-00A0C91BC942}") = "DoubleDispatch", "Week 2. NamespacesAndThis\DoubleDispatch\DoubleDispatch.vcxproj", "{FA5242E9-430B-4ED8-A3DE-990070801872}"
EndProject
Project("{8BC9CEB8-8B4A-11D0-8D11-00A0C91BC942}") = "CommentsServer", "Week 2. NamespacesAndThis\CommentsServer\CommentsServer.vcxproj", "{1877C893-29F2-4040-B235-054D6DD455E2}"
EndProject
Project("{2150E333-8FDC-42A3-9474-1A3956D46DE8}") = "Week 3. ConstAndUnique_ptr", "Week 3. ConstAndUnique_ptr", "{8E2F9DCE-D8D3-4AB7-9EBC-AD2C52BA5707}"
EndProject
Project("{8BC9CEB8-8B4A-11D0-8D11-00A0C91BC942}") = "Demographics2", "Week 3. ConstAndUnique_ptr\Demographics2\Demographics2.vcxproj", "{B3A96DB7-592A-423F-A4C5-F826F43AE3A1}"
EndProject
Global
	GlobalSection(SolutionConfigurationPlatforms) = preSolution
		Debug|x64 = Debug|x64
		Debug|x86 = Debug|x86
		Release|x64 = Release|x64
		Release|x86 = Release|x86
	EndGlobalSection
	GlobalSection(ProjectConfigurationPlatforms) = postSolution
		{7F621C73-8E92-419B-8B2B-4EF778280B91}.Debug|x64.ActiveCfg = Debug|x64
		{7F621C73-8E92-419B-8B2B-4EF778280B91}.Debug|x64.Build.0 = Debug|x64
		{7F621C73-8E92-419B-8B2B-4EF778280B91}.Debug|x86.ActiveCfg = Debug|Win32
		{7F621C73-8E92-419B-8B2B-4EF778280B91}.Debug|x86.Build.0 = Debug|Win32
		{7F621C73-8E92-419B-8B2B-4EF778280B91}.Release|x64.ActiveCfg = Release|x64
		{7F621C73-8E92-419B-8B2B-4EF778280B91}.Release|x64.Build.0 = Release|x64
		{7F621C73-8E92-419B-8B2B-4EF778280B91}.Release|x86.ActiveCfg = Release|Win32
		{7F621C73-8E92-419B-8B2B-4EF778280B91}.Release|x86.Build.0 = Release|Win32
		{85928A32-8A6B-48A7-BCC7-5EE938AF053E}.Debug|x64.ActiveCfg = Debug|x64
		{85928A32-8A6B-48A7-BCC7-5EE938AF053E}.Debug|x64.Build.0 = Debug|x64
		{85928A32-8A6B-48A7-BCC7-5EE938AF053E}.Debug|x86.ActiveCfg = Debug|Win32
		{85928A32-8A6B-48A7-BCC7-5EE938AF053E}.Debug|x86.Build.0 = Debug|Win32
		{85928A32-8A6B-48A7-BCC7-5EE938AF053E}.Release|x64.ActiveCfg = Release|x64
		{85928A32-8A6B-48A7-BCC7-5EE938AF053E}.Release|x64.Build.0 = Release|x64
		{85928A32-8A6B-48A7-BCC7-5EE938AF053E}.Release|x86.ActiveCfg = Release|Win32
		{85928A32-8A6B-48A7-BCC7-5EE938AF053E}.Release|x86.Build.0 = Release|Win32
		{711FA472-2A5F-41FC-A78F-911D78607F4B}.Debug|x64.ActiveCfg = Debug|x64
		{711FA472-2A5F-41FC-A78F-911D78607F4B}.Debug|x64.Build.0 = Debug|x64
		{711FA472-2A5F-41FC-A78F-911D78607F4B}.Debug|x86.ActiveCfg = Debug|Win32
		{711FA472-2A5F-41FC-A78F-911D78607F4B}.Debug|x86.Build.0 = Debug|Win32
		{711FA472-2A5F-41FC-A78F-911D78607F4B}.Release|x64.ActiveCfg = Release|x64
		{711FA472-2A5F-41FC-A78F-911D78607F4B}.Release|x64.Build.0 = Release|x64
		{711FA472-2A5F-41FC-A78F-911D78607F4B}.Release|x86.ActiveCfg = Release|Win32
		{711FA472-2A5F-41FC-A78F-911D78607F4B}.Release|x86.Build.0 = Release|Win32
		{D0F97368-FD52-4C4B-B8D0-CA9DC3A6952B}.Debug|x64.ActiveCfg = Debug|x64
		{D0F97368-FD52-4C4B-B8D0-CA9DC3A6952B}.Debug|x64.Build.0 = Debug|x64
		{D0F97368-FD52-4C4B-B8D0-CA9DC3A6952B}.Debug|x86.ActiveCfg = Debug|Win32
		{D0F97368-FD52-4C4B-B8D0-CA9DC3A6952B}.Debug|x86.Build.0 = Debug|Win32
		{D0F97368-FD52-4C4B-B8D0-CA9DC3A6952B}.Release|x64.ActiveCfg = Release|x64
		{D0F97368-FD52-4C4B-B8D0-CA9DC3A6952B}.Release|x64.Build.0 = Release|x64
		{D0F97368-FD52-4C4B-B8D0-CA9DC3A6952B}.Release|x86.ActiveCfg = Release|Win32
		{D0F97368-FD52-4C4B-B8D0-CA9DC3A6952B}.Release|x86.Build.0 = Release|Win32
		{81E82E01-6341-4A78-9182-DBA196B5B24C}.Debug|x64.ActiveCfg = Debug|x64
		{81E82E01-6341-4A78-9182-DBA196B5B24C}.Debug|x64.Build.0 = Debug|x64
		{81E82E01-6341-4A78-9182-DBA196B5B24C}.Debug|x86.ActiveCfg = Debug|Win32
		{81E82E01-6341-4A78-9182-DBA196B5B24C}.Debug|x86.Build.0 = Debug|Win32
		{81E82E01-6341-4A78-9182-DBA196B5B24C}.Release|x64.ActiveCfg = Release|x64
		{81E82E01-6341-4A78-9182-DBA196B5B24C}.Release|x64.Build.0 = Release|x64
		{81E82E01-6341-4A78-9182-DBA196B5B24C}.Release|x86.ActiveCfg = Release|Win32
		{81E82E01-6341-4A78-9182-DBA196B5B24C}.Release|x86.Build.0 = Release|Win32
		{6B6148C3-E8FC-46F3-A6FF-43544773FE99}.Debug|x64.ActiveCfg = Debug|x64
		{6B6148C3-E8FC-46F3-A6FF-43544773FE99}.Debug|x64.Build.0 = Debug|x64
		{6B6148C3-E8FC-46F3-A6FF-43544773FE99}.Debug|x86.ActiveCfg = Debug|Win32
		{6B6148C3-E8FC-46F3-A6FF-43544773FE99}.Debug|x86.Build.0 = Debug|Win32
		{6B6148C3-E8FC-46F3-A6FF-43544773FE99}.Release|x64.ActiveCfg = Release|x64
		{6B6148C3-E8FC-46F3-A6FF-43544773FE99}.Release|x64.Build.0 = Release|x64
		{6B6148C3-E8FC-46F3-A6FF-43544773FE99}.Release|x86.ActiveCfg = Release|Win32
		{6B6148C3-E8FC-46F3-A6FF-43544773FE99}.Release|x86.Build.0 = Release|Win32
		{86ACCDE8-7200-4C82-8102-3848614738DA}.Debug|x64.ActiveCfg = Debug|x64
		{86ACCDE8-7200-4C82-8102-3848614738DA}.Debug|x64.Build.0 = Debug|x64
		{86ACCDE8-7200-4C82-8102-3848614738DA}.Debug|x86.ActiveCfg = Debug|Win32
		{86ACCDE8-7200-4C82-8102-3848614738DA}.Debug|x86.Build.0 = Debug|Win32
		{86ACCDE8-7200-4C82-8102-3848614738DA}.Release|x64.ActiveCfg = Release|x64
		{86ACCDE8-7200-4C82-8102-3848614738DA}.Release|x64.Build.0 = Release|x64
		{86ACCDE8-7200-4C82-8102-3848614738DA}.Release|x86.ActiveCfg = Release|Win32
		{86ACCDE8-7200-4C82-8102-3848614738DA}.Release|x86.Build.0 = Release|Win32
		{DCCB9A58-F700-4B07-B292-2CBC94E48707}.Debug|x64.ActiveCfg = Debug|x64
		{DCCB9A58-F700-4B07-B292-2CBC94E48707}.Debug|x64.Build.0 = Debug|x64
		{DCCB9A58-F700-4B07-B292-2CBC94E48707}.Debug|x86.ActiveCfg = Debug|Win32
		{DCCB9A58-F700-4B07-B292-2CBC94E48707}.Debug|x86.Build.0 = Debug|Win32
		{DCCB9A58-F700-4B07-B292-2CBC94E48707}.Release|x64.ActiveCfg = Release|x64
		{DCCB9A58-F700-4B07-B292-2CBC94E48707}.Release|x64.Build.0 = Release|x64
		{DCCB9A58-F700-4B07-B292-2CBC94E48707}.Release|x86.ActiveCfg = Release|Win32
		{DCCB9A58-F700-4B07-B292-2CBC94E48707}.Release|x86.Build.0 = Release|Win32
		{BB19A7A7-C2DB-4762-8194-52B07C744D7C}.Debug|x64.ActiveCfg = Debug|x64
		{BB19A7A7-C2DB-4762-8194-52B07C744D7C}.Debug|x64.Build.0 = Debug|x64
		{BB19A7A7-C2DB-4762-8194-52B07C744D7C}.Debug|x86.ActiveCfg = Debug|Win32
		{BB19A7A7-C2DB-4762-8194-52B07C744D7C}.Debug|x86.Build.0 = Debug|Win32
		{BB19A7A7-C2DB-4762-8194-52B07C744D7C}.Release|x64.ActiveCfg = Release|x64
		{BB19A7A7-C2DB-4762-8194-52B07C744D7C}.Release|x64.Build.0 = Release|x64
		{BB19A7A7-C2DB-4762-8194-52B07C744D7C}.Release|x86.ActiveCfg = Release|Win32
		{BB19A7A7-C2DB-4762-8194-52B07C744D7C}.Release|x86.Build.0 = Release|Win32
		{FA5242E9-430B-4ED8-A3DE-990070801872}.Debug|x64.ActiveCfg = Debug|x64
		{FA5242E9-430B-4ED8-A3DE-990070801872}.Debug|x64.Build.0 = Debug|x64
		{FA5242E9-430B-4ED8-A3DE-990070801872}.Debug|x86.ActiveCfg = Debug|Win32
		{FA5242E9-430B-4ED8-A3DE-990070801872}.Debug|x86.Build.0 = Debug|Win32
		{FA5242E9-430B-4ED8-A3DE-990070801872}.Release|x64.ActiveCfg = Release|x64
		{FA5242E9-430B-4ED8-A3DE-990070801872}.Release|x64.Build.0 = Release|x64
		{FA5242E9-430B-4ED8-A3DE-990070801872}.Release|x86.ActiveCfg = Release|Win32
		{FA5242E9-430B-4ED8-A3DE-990070801872}.Release|x86.Build.0 = Release|Win32
		{1877C893-29F2-4040-B235-054D6DD455E2}.Debug|x64.ActiveCfg = Debug|x64
		{1877C893-29F2-4040-B235-054D6DD455E2}.Debug|x64.Build.0 = Debug|x64
		{1877C893-29F2-4040-B235-054D6DD455E2}.Debug|x86.ActiveCfg = Debug|Win32
		{1877C893-29F2-4040-B235-054D6DD455E2}.Debug|x86.Build.0 = Debug|Win32
		{1877C893-29F2-4040-B235-054D6DD455E2}.Release|x64.ActiveCfg = Release|x64
		{1877C893-29F2-4040-B235-054D6DD455E2}.Release|x64.Build.0 = Release|x64
		{1877C893-29F2-4040-B235-054D6DD455E2}.Release|x86.ActiveCfg = Release|Win32
		{1877C893-29F2-4040-B235-054D6DD455E2}.Release|x86.Build.0 = Release|Win32
		{B3A96DB7-592A-423F-A4C5-F826F43AE3A1}.Debug|x64.ActiveCfg = Debug|x64
		{B3A96DB7-592A-423F-A4C5-F826F43AE3A1}.Debug|x64.Build.0 = Debug|x64
		{B3A96DB7-592A-423F-A4C5-F826F43AE3A1}.Debug|x86.ActiveCfg = Debug|Win32
		{B3A96DB7-592A-423F-A4C5-F826F43AE3A1}.Debug|x86.Build.0 = Debug|Win32
		{B3A96DB7-592A-423F-A4C5-F826F43AE3A1}.Release|x64.ActiveCfg = Release|x64
		{B3A96DB7-592A-423F-A4C5-F826F43AE3A1}.Release|x64.Build.0 = Release|x64
		{B3A96DB7-592A-423F-A4C5-F826F43AE3A1}.Release|x86.ActiveCfg = Release|Win32
		{B3A96DB7-592A-423F-A4C5-F826F43AE3A1}.Release|x86.Build.0 = Release|Win32
	EndGlobalSection
	GlobalSection(SolutionProperties) = preSolution
		HideSolutionNode = FALSE
	EndGlobalSection
	GlobalSection(NestedProjects) = preSolution
		{7F621C73-8E92-419B-8B2B-4EF778280B91} = {DBBE700E-67CF-422A-9712-06CBB9C55784}
		{85928A32-8A6B-48A7-BCC7-5EE938AF053E} = {DBBE700E-67CF-422A-9712-06CBB9C55784}
		{D0F97368-FD52-4C4B-B8D0-CA9DC3A6952B} = {DBBE700E-67CF-422A-9712-06CBB9C55784}
		{81E82E01-6341-4A78-9182-DBA196B5B24C} = {A4BDEC35-CF2A-4380-89FF-3206B3AF58CB}
		{6B6148C3-E8FC-46F3-A6FF-43544773FE99} = {A4BDEC35-CF2A-4380-89FF-3206B3AF58CB}
		{86ACCDE8-7200-4C82-8102-3848614738DA} = {A4BDEC35-CF2A-4380-89FF-3206B3AF58CB}
		{DCCB9A58-F700-4B07-B292-2CBC94E48707} = {A4BDEC35-CF2A-4380-89FF-3206B3AF58CB}
		{BB19A7A7-C2DB-4762-8194-52B07C744D7C} = {A4BDEC35-CF2A-4380-89FF-3206B3AF58CB}
		{FA5242E9-430B-4ED8-A3DE-990070801872} = {A4BDEC35-CF2A-4380-89FF-3206B3AF58CB}
		{1877C893-29F2-4040-B235-054D6DD455E2} = {A4BDEC35-CF2A-4380-89FF-3206B3AF58CB}
		{B3A96DB7-592A-423F-A4C5-F826F43AE3A1} = {8E2F9DCE-D8D3-4AB7-9EBC-AD2C52BA5707}
	EndGlobalSection
	GlobalSection(ExtensibilityGlobals) = postSolution
		SolutionGuid = {42B2B0FC-B875-4232-B88F-30275B8F46D5}
	EndGlobalSection
EndGlobal
